
Microsoft Visual Studio Solution File, Format Version 12.00
# Visual Studio Version 16
VisualStudioVersion = 16.0.29326.143
MinimumVisualStudioVersion = 10.0.40219.1
Project("{FAE04EC0-301F-11D3-BF4B-00C04F79EFBC}") = "EMS_UI", "EMS_UI\EMS_UI.csproj", "{1E2DC08E-E2AF-48CD-A3D3-6FD1923B263D}"
EndProject
Project("{FAE04EC0-301F-11D3-BF4B-00C04F79EFBC}") = "EMS_DAL", "EMS_DAL\EMS_DAL.csproj", "{FB2AD545-D616-49E7-BD4C-7241E3712D62}"
EndProject
Project("{FAE04EC0-301F-11D3-BF4B-00C04F79EFBC}") = "SecureWebApp", "SecureWebApp\SecureWebApp.csproj", "{15C97D8B-100C-4825-82C0-70021E0E3C39}"
EndProject
Global
	GlobalSection(SolutionConfigurationPlatforms) = preSolution
		Debug|Any CPU = Debug|Any CPU
		Release|Any CPU = Release|Any CPU
	EndGlobalSection
	GlobalSection(ProjectConfigurationPlatforms) = postSolution
		{1E2DC08E-E2AF-48CD-A3D3-6FD1923B263D}.Debug|Any CPU.ActiveCfg = Debug|Any CPU
		{1E2DC08E-E2AF-48CD-A3D3-6FD1923B263D}.Debug|Any CPU.Build.0 = Debug|Any CPU
		{1E2DC08E-E2AF-48CD-A3D3-6FD1923B263D}.Release|Any CPU.ActiveCfg = Release|Any CPU
		{1E2DC08E-E2AF-48CD-A3D3-6FD1923B263D}.Release|Any CPU.Build.0 = Release|Any CPU
		{FB2AD545-D616-49E7-BD4C-7241E3712D62}.Debug|Any CPU.ActiveCfg = Debug|Any CPU
		{FB2AD545-D616-49E7-BD4C-7241E3712D62}.Debug|Any CPU.Build.0 = Debug|Any CPU
		{FB2AD545-D616-49E7-BD4C-7241E3712D62}.Release|Any CPU.ActiveCfg = Release|Any CPU
		{FB2AD545-D616-49E7-BD4C-7241E3712D62}.Release|Any CPU.Build.0 = Release|Any CPU
		{15C97D8B-100C-4825-82C0-70021E0E3C39}.Debug|Any CPU.ActiveCfg = Debug|Any CPU
		{15C97D8B-100C-4825-82C0-70021E0E3C39}.Debug|Any CPU.Build.0 = Debug|Any CPU
		{15C97D8B-100C-4825-82C0-70021E0E3C39}.Release|Any CPU.ActiveCfg = Release|Any CPU
		{15C97D8B-100C-4825-82C0-70021E0E3C39}.Release|Any CPU.Build.0 = Release|Any CPU
	EndGlobalSection
	GlobalSection(SolutionProperties) = preSolution
		HideSolutionNode = FALSE
	EndGlobalSection
	GlobalSection(ExtensibilityGlobals) = postSolution
		SolutionGuid = {AC90E939-5BA8-49D8-8054-473CD419FCB0}
	EndGlobalSection
EndGlobal
